
Microsoft Visual Studio Solution File, Format Version 12.00
# Visual Studio 2012
Project("{FAE04EC0-301F-11D3-BF4B-00C04F79EFBC}") = "forloop", "forloop\forloop.csproj", "{067E28E5-47E6-44D7-8C79-21E45893FE78}"
EndProject
Global
	GlobalSection(SolutionConfigurationPlatforms) = preSolution
		Debug|Any CPU = Debug|Any CPU
		Release|Any CPU = Release|Any CPU
	EndGlobalSection
	GlobalSection(ProjectConfigurationPlatforms) = postSolution
		{067E28E5-47E6-44D7-8C79-21E45893FE78}.Debug|Any CPU.ActiveCfg = Debug|Any CPU
		{067E28E5-47E6-44D7-8C79-21E45893FE78}.Debug|Any CPU.Build.0 = Debug|Any CPU
		{067E28E5-47E6-44D7-8C79-21E45893FE78}.Release|Any CPU.ActiveCfg = Release|Any CPU
		{067E28E5-47E6-44D7-8C79-21E45893FE78}.Release|Any CPU.Build.0 = Release|Any CPU
	EndGlobalSection
	GlobalSection(SolutionProperties) = preSolution
		HideSolutionNode = FALSE
	EndGlobalSection
EndGlobal
