
Microsoft Visual Studio Solution File, Format Version 12.00
# Visual Studio 2012
Project("{FAE04EC0-301F-11D3-BF4B-00C04F79EFBC}") = "constructorinheritance", "constructorinheritance\constructorinheritance.csproj", "{9C4F2024-2091-48C5-837D-D4174AAB9284}"
EndProject
Global
	GlobalSection(SolutionConfigurationPlatforms) = preSolution
		Debug|Any CPU = Debug|Any CPU
		Release|Any CPU = Release|Any CPU
	EndGlobalSection
	GlobalSection(ProjectConfigurationPlatforms) = postSolution
		{9C4F2024-2091-48C5-837D-D4174AAB9284}.Debug|Any CPU.ActiveCfg = Debug|Any CPU
		{9C4F2024-2091-48C5-837D-D4174AAB9284}.Debug|Any CPU.Build.0 = Debug|Any CPU
		{9C4F2024-2091-48C5-837D-D4174AAB9284}.Release|Any CPU.ActiveCfg = Release|Any CPU
		{9C4F2024-2091-48C5-837D-D4174AAB9284}.Release|Any CPU.Build.0 = Release|Any CPU
	EndGlobalSection
	GlobalSection(SolutionProperties) = preSolution
		HideSolutionNode = FALSE
	EndGlobalSection
EndGlobal
